// !$*UTF8*$!
{
	archiveVersion = 1;
	classes = {
	};
	objectVersion = 46;
	objects = {

/* Begin PBXBuildFile section */
		732595D11DF67B88000B8F2D /* main.m in Sources */ = {isa = PBXBuildFile; fileRef = 732595D01DF67B88000B8F2D /* main.m */; };
		732595D41DF67B88000B8F2D /* AppDelegate.m in Sources */ = {isa = PBXBuildFile; fileRef = 732595D31DF67B88000B8F2D /* AppDelegate.m */; };
		732595D71DF67B88000B8F2D /* ViewController.m in Sources */ = {isa = PBXBuildFile; fileRef = 732595D61DF67B88000B8F2D /* ViewController.m */; };
		732595DA1DF67B88000B8F2D /* Main.storyboard in Resources */ = {isa = PBXBuildFile; fileRef = 732595D81DF67B88000B8F2D /* Main.storyboard */; };
		732595DC1DF67B88000B8F2D /* Assets.xcassets in Resources */ = {isa = PBXBuildFile; fileRef = 732595DB1DF67B88000B8F2D /* Assets.xcassets */; };
		732595DF1DF67B88000B8F2D /* LaunchScreen.storyboard in Resources */ = {isa = PBXBuildFile; fileRef = 732595DD1DF67B88000B8F2D /* LaunchScreen.storyboard */; };
		732595E71DF67C0D000B8F2D /* Torch.framework in Frameworks */ = {isa = PBXBuildFile; fileRef = 732595E61DF67C0D000B8F2D /* Torch.framework */; };
		732595EA1DF67C58000B8F2D /* Accelerate.framework in Frameworks */ = {isa = PBXBuildFile; fileRef = 732595E91DF67C58000B8F2D /* Accelerate.framework */; };
/* End PBXBuildFile section */

/* Begin PBXFileReference section */
		732595CC1DF67B88000B8F2D /* Doppler.app */ = {isa = PBXFileReference; explicitFileType = wrapper.application; includeInIndex = 0; path = Doppler.app; sourceTree = BUILT_PRODUCTS_DIR; };
		732595D01DF67B88000B8F2D /* main.m */ = {isa = PBXFileReference; lastKnownFileType = sourcecode.c.objc; path = main.m; sourceTree = "<group>"; };
		732595D21DF67B88000B8F2D /* AppDelegate.h */ = {isa = PBXFileReference; lastKnownFileType = sourcecode.c.h; path = AppDelegate.h; sourceTree = "<group>"; };
		732595D31DF67B88000B8F2D /* AppDelegate.m */ = {isa = PBXFileReference; lastKnownFileType = sourcecode.c.objc; path = AppDelegate.m; sourceTree = "<group>"; };
		732595D51DF67B88000B8F2D /* ViewController.h */ = {isa = PBXFileReference; lastKnownFileType = sourcecode.c.h; path = ViewController.h; sourceTree = "<group>"; };
		732595D61DF67B88000B8F2D /* ViewController.m */ = {isa = PBXFileReference; lastKnownFileType = sourcecode.c.objc; path = ViewController.m; sourceTree = "<group>"; };
		732595D91DF67B88000B8F2D /* Base */ = {isa = PBXFileReference; lastKnownFileType = file.storyboard; name = Base; path = Base.lproj/Main.storyboard; sourceTree = "<group>"; };
		732595DB1DF67B88000B8F2D /* Assets.xcassets */ = {isa = PBXFileReference; lastKnownFileType = folder.assetcatalog; path = Assets.xcassets; sourceTree = "<group>"; };
		732595DE1DF67B88000B8F2D /* Base */ = {isa = PBXFileReference; lastKnownFileType = file.storyboard; name = Base; path = Base.lproj/LaunchScreen.storyboard; sourceTree = "<group>"; };
		732595E01DF67B88000B8F2D /* Info.plist */ = {isa = PBXFileReference; lastKnownFileType = text.plist.xml; path = Info.plist; sourceTree = "<group>"; };
		732595E61DF67C0D000B8F2D /* Torch.framework */ = {isa = PBXFileReference; lastKnownFileType = wrapper.framework; path = Torch.framework; sourceTree = "<group>"; };
		732595E91DF67C58000B8F2D /* Accelerate.framework */ = {isa = PBXFileReference; lastKnownFileType = wrapper.framework; name = Accelerate.framework; path = System/Library/Frameworks/Accelerate.framework; sourceTree = SDKROOT; };
/* End PBXFileReference section */

/* Begin PBXFrameworksBuildPhase section */
		732595C91DF67B88000B8F2D /* Frameworks */ = {
			isa = PBXFrameworksBuildPhase;
			buildActionMask = 2147483647;
			files = (
				732595EA1DF67C58000B8F2D /* Accelerate.framework in Frameworks */,
				732595E71DF67C0D000B8F2D /* Torch.framework in Frameworks */,
			);
			runOnlyForDeploymentPostprocessing = 0;
		};
/* End PBXFrameworksBuildPhase section */

/* Begin PBXGroup section */
		732595C31DF67B88000B8F2D = {
			isa = PBXGroup;
			children = (
				732595CE1DF67B88000B8F2D /* Doppler */,
				732595CD1DF67B88000B8F2D /* Products */,
				732595E81DF67C58000B8F2D /* Frameworks */,
			);
			sourceTree = "<group>";
		};
		732595CD1DF67B88000B8F2D /* Products */ = {
			isa = PBXGroup;
			children = (
				732595CC1DF67B88000B8F2D /* Doppler.app */,
			);
			name = Products;
			sourceTree = "<group>";
		};
		732595CE1DF67B88000B8F2D /* Doppler */ = {
			isa = PBXGroup;
			children = (
				732595D21DF67B88000B8F2D /* AppDelegate.h */,
				732595D31DF67B88000B8F2D /* AppDelegate.m */,
				732595D51DF67B88000B8F2D /* ViewController.h */,
				732595D61DF67B88000B8F2D /* ViewController.m */,
				732595D81DF67B88000B8F2D /* Main.storyboard */,
				732595DB1DF67B88000B8F2D /* Assets.xcassets */,
				732595DD1DF67B88000B8F2D /* LaunchScreen.storyboard */,
				732595E01DF67B88000B8F2D /* Info.plist */,
				732595CF1DF67B88000B8F2D /* Supporting Files */,
			);
			path = Doppler;
			sourceTree = "<group>";
		};
		732595CF1DF67B88000B8F2D /* Supporting Files */ = {
			isa = PBXGroup;
			children = (
				732595D01DF67B88000B8F2D /* main.m */,
			);
			name = "Supporting Files";
			sourceTree = "<group>";
		};
		732595E81DF67C58000B8F2D /* Frameworks */ = {
			isa = PBXGroup;
			children = (
				732595E61DF67C0D000B8F2D /* Torch.framework */,
				732595E91DF67C58000B8F2D /* Accelerate.framework */,
			);
			name = Frameworks;
			sourceTree = "<group>";
		};
/* End PBXGroup section */

/* Begin PBXNativeTarget section */
		732595CB1DF67B88000B8F2D /* Doppler */ = {
			isa = PBXNativeTarget;
			buildConfigurationList = 732595E31DF67B88000B8F2D /* Build configuration list for PBXNativeTarget "Doppler" */;
			buildPhases = (
				732595C81DF67B88000B8F2D /* Sources */,
				732595C91DF67B88000B8F2D /* Frameworks */,
				732595CA1DF67B88000B8F2D /* Resources */,
			);
			buildRules = (
			);
			dependencies = (
			);
			name = Doppler;
			productName = Doppler;
			productReference = 732595CC1DF67B88000B8F2D /* Doppler.app */;
			productType = "com.apple.product-type.application";
		};
/* End PBXNativeTarget section */

/* Begin PBXProject section */
		732595C41DF67B88000B8F2D /* Project object */ = {
			isa = PBXProject;
			attributes = {
				LastUpgradeCheck = 0810;
				ORGANIZATIONNAME = CMU;
				TargetAttributes = {
					732595CB1DF67B88000B8F2D = {
						CreatedOnToolsVersion = 8.1;
						DevelopmentTeam = D7A53RF6Q9;
						ProvisioningStyle = Automatic;
					};
				};
			};
			buildConfigurationList = 732595C71DF67B88000B8F2D /* Build configuration list for PBXProject "Doppler" */;
			compatibilityVersion = "Xcode 3.2";
			developmentRegion = English;
			hasScannedForEncodings = 0;
			knownRegions = (
				en,
				Base,
			);
			mainGroup = 732595C31DF67B88000B8F2D;
			productRefGroup = 732595CD1DF67B88000B8F2D /* Products */;
			projectDirPath = "";
			projectRoot = "";
			targets = (
				732595CB1DF67B88000B8F2D /* Doppler */,
			);
		};
/* End PBXProject section */

/* Begin PBXResourcesBuildPhase section */
		732595CA1DF67B88000B8F2D /* Resources */ = {
			isa = PBXResourcesBuildPhase;
			buildActionMask = 2147483647;
			files = (
				732595DF1DF67B88000B8F2D /* LaunchScreen.storyboard in Resources */,
				732595DC1DF67B88000B8F2D /* Assets.xcassets in Resources */,
				732595DA1DF67B88000B8F2D /* Main.storyboard in Resources */,
			);
			runOnlyForDeploymentPostprocessing = 0;
		};
/* End PBXResourcesBuildPhase section */

/* Begin PBXSourcesBuildPhase section */
		732595C81DF67B88000B8F2D /* Sources */ = {
			isa = PBXSourcesBuildPhase;
			buildActionMask = 2147483647;
			files = (
				732595D71DF67B88000B8F2D /* ViewController.m in Sources */,
				732595D41DF67B88000B8F2D /* AppDelegate.m in Sources */,
				732595D11DF67B88000B8F2D /* main.m in Sources */,
			);
			runOnlyForDeploymentPostprocessing = 0;
		};
/* End PBXSourcesBuildPhase section */

/* Begin PBXVariantGroup section */
		732595D81DF67B88000B8F2D /* Main.storyboard */ = {
			isa = PBXVariantGroup;
			children = (
				732595D91DF67B88000B8F2D /* Base */,
			);
			name = Main.storyboard;
			sourceTree = "<group>";
		};
		732595DD1DF67B88000B8F2D /* LaunchScreen.storyboard */ = {
			isa = PBXVariantGroup;
			children = (
				732595DE1DF67B88000B8F2D /* Base */,
			);
			name = LaunchScreen.storyboard;
			sourceTree = "<group>";
		};
/* End PBXVariantGroup section */

/* Begin XCBuildConfiguration section */
		732595E11DF67B88000B8F2D /* Debug */ = {
			isa = XCBuildConfiguration;
			buildSettings = {
				ALWAYS_SEARCH_USER_PATHS = NO;
				CLANG_ANALYZER_NONNULL = YES;
				CLANG_CXX_LANGUAGE_STANDARD = "gnu++0x";
				CLANG_CXX_LIBRARY = "libc++";
				CLANG_ENABLE_MODULES = YES;
				CLANG_ENABLE_OBJC_ARC = YES;
				CLANG_WARN_BOOL_CONVERSION = YES;
				CLANG_WARN_CONSTANT_CONVERSION = YES;
				CLANG_WARN_DIRECT_OBJC_ISA_USAGE = YES_ERROR;
				CLANG_WARN_DOCUMENTATION_COMMENTS = YES;
				CLANG_WARN_EMPTY_BODY = YES;
				CLANG_WARN_ENUM_CONVERSION = YES;
				CLANG_WARN_INFINITE_RECURSION = YES;
				CLANG_WARN_INT_CONVERSION = YES;
				CLANG_WARN_OBJC_ROOT_CLASS = YES_ERROR;
				CLANG_WARN_SUSPICIOUS_MOVES = YES;
				CLANG_WARN_UNREACHABLE_CODE = YES;
				CLANG_WARN__DUPLICATE_METHOD_MATCH = YES;
				"CODE_SIGN_IDENTITY[sdk=iphoneos*]" = "iPhone Developer";
				COPY_PHASE_STRIP = NO;
				DEBUG_INFORMATION_FORMAT = dwarf;
				ENABLE_STRICT_OBJC_MSGSEND = YES;
				ENABLE_TESTABILITY = YES;
				GCC_C_LANGUAGE_STANDARD = gnu99;
				GCC_DYNAMIC_NO_PIC = NO;
				GCC_NO_COMMON_BLOCKS = YES;
				GCC_OPTIMIZATION_LEVEL = 0;
				GCC_PREPROCESSOR_DEFINITIONS = (
					"DEBUG=1",
					"$(inherited)",
				);
				GCC_WARN_64_TO_32_BIT_CONVERSION = YES;
				GCC_WARN_ABOUT_RETURN_TYPE = YES_ERROR;
				GCC_WARN_UNDECLARED_SELECTOR = YES;
				GCC_WARN_UNINITIALIZED_AUTOS = YES_AGGRESSIVE;
				GCC_WARN_UNUSED_FUNCTION = YES;
				GCC_WARN_UNUSED_VARIABLE = YES;
				IPHONEOS_DEPLOYMENT_TARGET = 10.1;
				MTL_ENABLE_DEBUG_INFO = YES;
				ONLY_ACTIVE_ARCH = YES;
				SDKROOT = iphoneos;
				TARGETED_DEVICE_FAMILY = "1,2";
			};
			name = Debug;
		};
		732595E21DF67B88000B8F2D /* Release */ = {
			isa = XCBuildConfiguration;
			buildSettings = {
				ALWAYS_SEARCH_USER_PATHS = NO;
				CLANG_ANALYZER_NONNULL = YES;
				CLANG_CXX_LANGUAGE_STANDARD = "gnu++0x";
				CLANG_CXX_LIBRARY = "libc++";
				CLANG_ENABLE_MODULES = YES;
				CLANG_ENABLE_OBJC_ARC = YES;
				CLANG_WARN_BOOL_CONVERSION = YES;
				CLANG_WARN_CONSTANT_CONVERSION = YES;
				CLANG_WARN_DIRECT_OBJC_ISA_USAGE = YES_ERROR;
				CLANG_WARN_DOCUMENTATION_COMMENTS = YES;
				CLANG_WARN_EMPTY_BODY = YES;
				CLANG_WARN_ENUM_CONVERSION = YES;
				CLANG_WARN_INFINITE_RECURSION = YES;
				CLANG_WARN_INT_CONVERSION = YES;
				CLANG_WARN_OBJC_ROOT_CLASS = YES_ERROR;
				CLANG_WARN_SUSPICIOUS_MOVES = YES;
				CLANG_WARN_UNREACHABLE_CODE = YES;
				CLANG_WARN__DUPLICATE_METHOD_MATCH = YES;
				"CODE_SIGN_IDENTITY[sdk=iphoneos*]" = "iPhone Developer";
				COPY_PHASE_STRIP = NO;
				DEBUG_INFORMATION_FORMAT = "dwarf-with-dsym";
				ENABLE_NS_ASSERTIONS = NO;
				ENABLE_STRICT_OBJC_MSGSEND = YES;
				GCC_C_LANGUAGE_STANDARD = gnu99;
				GCC_NO_COMMON_BLOCKS = YES;
				GCC_WARN_64_TO_32_BIT_CONVERSION = YES;
				GCC_WARN_ABOUT_RETURN_TYPE = YES_ERROR;
				GCC_WARN_UNDECLARED_SELECTOR = YES;
				GCC_WARN_UNINITIALIZED_AUTOS = YES_AGGRESSIVE;
				GCC_WARN_UNUSED_FUNCTION = YES;
				GCC_WARN_UNUSED_VARIABLE = YES;
				IPHONEOS_DEPLOYMENT_TARGET = 10.1;
				MTL_ENABLE_DEBUG_INFO = NO;
				SDKROOT = iphoneos;
				TARGETED_DEVICE_FAMILY = "1,2";
				VALIDATE_PRODUCT = YES;
			};
			name = Release;
		};
		732595E41DF67B88000B8F2D /* Debug */ = {
			isa = XCBuildConfiguration;
			buildSettings = {
				ASSETCATALOG_COMPILER_APPICON_NAME = AppIcon;
				DEVELOPMENT_TEAM = D7A53RF6Q9;
				FRAMEWORK_SEARCH_PATHS = (
					"$(inherited)",
					"$(PROJECT_DIR)",
				);
				INFOPLIST_FILE = Doppler/Info.plist;
				IPHONEOS_DEPLOYMENT_TARGET = 9.3;
				LD_RUNPATH_SEARCH_PATHS = "$(inherited) @executable_path/Frameworks";
				PRODUCT_BUNDLE_IDENTIFIER = CMU.Doppler;
				PRODUCT_NAME = "$(TARGET_NAME)";
			};
			name = Debug;
		};
		732595E51DF67B88000B8F2D /* Release */ = {
			isa = XCBuildConfiguration;
			buildSettings = {
				ASSETCATALOG_COMPILER_APPICON_NAME = AppIcon;
				DEVELOPMENT_TEAM = D7A53RF6Q9;
				FRAMEWORK_SEARCH_PATHS = (
					"$(inherited)",
					"$(PROJECT_DIR)",
				);
				INFOPLIST_FILE = Doppler/Info.plist;
				IPHONEOS_DEPLOYMENT_TARGET = 9.3;
				LD_RUNPATH_SEARCH_PATHS = "$(inherited) @executable_path/Frameworks";
				PRODUCT_BUNDLE_IDENTIFIER = CMU.Doppler;
				PRODUCT_NAME = "$(TARGET_NAME)";
			};
			name = Release;
		};
/* End XCBuildConfiguration section */

/* Begin XCConfigurationList section */
		732595C71DF67B88000B8F2D /* Build configuration list for PBXProject "Doppler" */ = {
			isa = XCConfigurationList;
			buildConfigurations = (
				732595E11DF67B88000B8F2D /* Debug */,
				732595E21DF67B88000B8F2D /* Release */,
			);
			defaultConfigurationIsVisible = 0;
			defaultConfigurationName = Release;
		};
		732595E31DF67B88000B8F2D /* Build configuration list for PBXNativeTarget "Doppler" */ = {
			isa = XCConfigurationList;
			buildConfigurations = (
				732595E41DF67B88000B8F2D /* Debug */,
				732595E51DF67B88000B8F2D /* Release */,
			);
			defaultConfigurationIsVisible = 0;
		};
/* End XCConfigurationList section */
	};
	rootObject = 732595C41DF67B88000B8F2D /* Project object */;
}
